<?xml version="1.0" encoding="utf-8"?>
<Project ToolsVersion="4.0" xmlns="http://schemas.microsoft.com/developer/msbuild/2003">
  <ItemGroup>
    <ClCompile Include="Main.cpp" />
    <ClCompile Include="Sockets.cpp" />
    <ClCompile Include="Errors.cpp" />
    <ClCompile Include="TCP\Client.cpp">
      <Filter>TCP</Filter>
    </ClCompile>
  </ItemGroup>
  <ItemGroup>
    <ClInclude Include="Sockets.hpp" />
    <ClInclude Include="Errors.hpp" />
    <ClInclude Include="Messages.hpp" />
    <ClInclude Include="TCP\Client.hpp">
      <Filter>TCP</Filter>
    </ClInclude>
  </ItemGroup>
  <ItemGroup>
    <Filter Include="TCP">
      <UniqueIdentifier>{c4696031-a31f-4675-b418-828825ef84ec}</UniqueIdentifier>
    </Filter>
  </ItemGroup>
</Project>