
Microsoft Visual Studio Solution File, Format Version 12.00
# Visual Studio 2013
VisualStudioVersion = 12.0.31101.0
MinimumVisualStudioVersion = 10.0.40219.1
Project("{8BC9CEB8-8B4A-11D0-8D11-00A0C91BC942}") = "TP01", "TD_vs12.vcxproj", "{304DE191-E099-45B4-8925-1EE09676411A}"
EndProject
Project("{8BC9CEB8-8B4A-11D0-8D11-00A0C91BC942}") = "Client_Sample_vs12", "Client_Sample\Client_Sample_vs12.vcxproj", "{8DBFE2A9-A09F-4C88-BC96-71E65E8477D1}"
EndProject
Global
	GlobalSection(SolutionConfigurationPlatforms) = preSolution
		Debug|Win32 = Debug|Win32
		Release|Win32 = Release|Win32
	EndGlobalSection
	GlobalSection(ProjectConfigurationPlatforms) = postSolution
		{304DE191-E099-45B4-8925-1EE09676411A}.Debug|Win32.ActiveCfg = Debug|Win32
		{304DE191-E099-45B4-8925-1EE09676411A}.Debug|Win32.Build.0 = Debug|Win32
		{304DE191-E099-45B4-8925-1EE09676411A}.Release|Win32.ActiveCfg = Release|Win32
		{304DE191-E099-45B4-8925-1EE09676411A}.Release|Win32.Build.0 = Release|Win32
		{8DBFE2A9-A09F-4C88-BC96-71E65E8477D1}.Debug|Win32.ActiveCfg = Debug|Win32
		{8DBFE2A9-A09F-4C88-BC96-71E65E8477D1}.Debug|Win32.Build.0 = Debug|Win32
		{8DBFE2A9-A09F-4C88-BC96-71E65E8477D1}.Release|Win32.ActiveCfg = Release|Win32
		{8DBFE2A9-A09F-4C88-BC96-71E65E8477D1}.Release|Win32.Build.0 = Release|Win32
	EndGlobalSection
	GlobalSection(SolutionProperties) = preSolution
		HideSolutionNode = FALSE
	EndGlobalSection
EndGlobal
