
Microsoft Visual Studio Solution File, Format Version 12.00
# Visual Studio 14
VisualStudioVersion = 14.0.24720.0
MinimumVisualStudioVersion = 10.0.40219.1
Project("{8BC9CEB8-8B4A-11D0-8D11-00A0C91BC942}") = "TP01", "TD_vs14.vcxproj", "{29061D90-D1DA-4457-B77A-7B8F386475D1}"
EndProject
Project("{8BC9CEB8-8B4A-11D0-8D11-00A0C91BC942}") = "Client_Sample_vs14", "Client_Sample\Client_Sample_vs14.vcxproj", "{0F3AC793-ABF2-4315-A249-CA570B993156}"
EndProject
Global
	GlobalSection(SolutionConfigurationPlatforms) = preSolution
		Debug|x64 = Debug|x64
		Debug|x86 = Debug|x86
		Release|x64 = Release|x64
		Release|x86 = Release|x86
	EndGlobalSection
	GlobalSection(ProjectConfigurationPlatforms) = postSolution
		{29061D90-D1DA-4457-B77A-7B8F386475D1}.Debug|x64.ActiveCfg = Debug|x64
		{29061D90-D1DA-4457-B77A-7B8F386475D1}.Debug|x64.Build.0 = Debug|x64
		{29061D90-D1DA-4457-B77A-7B8F386475D1}.Debug|x86.ActiveCfg = Debug|Win32
		{29061D90-D1DA-4457-B77A-7B8F386475D1}.Debug|x86.Build.0 = Debug|Win32
		{29061D90-D1DA-4457-B77A-7B8F386475D1}.Release|x64.ActiveCfg = Release|x64
		{29061D90-D1DA-4457-B77A-7B8F386475D1}.Release|x64.Build.0 = Release|x64
		{29061D90-D1DA-4457-B77A-7B8F386475D1}.Release|x86.ActiveCfg = Release|Win32
		{29061D90-D1DA-4457-B77A-7B8F386475D1}.Release|x86.Build.0 = Release|Win32
		{0F3AC793-ABF2-4315-A249-CA570B993156}.Debug|x64.ActiveCfg = Debug|x64
		{0F3AC793-ABF2-4315-A249-CA570B993156}.Debug|x64.Build.0 = Debug|x64
		{0F3AC793-ABF2-4315-A249-CA570B993156}.Debug|x86.ActiveCfg = Debug|Win32
		{0F3AC793-ABF2-4315-A249-CA570B993156}.Debug|x86.Build.0 = Debug|Win32
		{0F3AC793-ABF2-4315-A249-CA570B993156}.Release|x64.ActiveCfg = Release|x64
		{0F3AC793-ABF2-4315-A249-CA570B993156}.Release|x64.Build.0 = Release|x64
		{0F3AC793-ABF2-4315-A249-CA570B993156}.Release|x86.ActiveCfg = Release|Win32
		{0F3AC793-ABF2-4315-A249-CA570B993156}.Release|x86.Build.0 = Release|Win32
	EndGlobalSection
	GlobalSection(SolutionProperties) = preSolution
		HideSolutionNode = FALSE
	EndGlobalSection
EndGlobal
